
Microsoft Visual Studio Solution File, Format Version 12.00
# Visual Studio Version 17
VisualStudioVersion = 17.8.34408.163
MinimumVisualStudioVersion = 10.0.40219.1
Project("{9A19103F-16F7-4668-BE54-9A1E7A4F7556}") = "ClassicalApi.Core", "ClassicalApi.Core\ClassicalApi.Core.csproj", "{C8A53AF7-D0D4-4D50-8A7A-58F8EF93EB08}"
EndProject
Project("{9A19103F-16F7-4668-BE54-9A1E7A4F7556}") = "ClassicalApi.Host", "ClassicalApi.Host\ClassicalApi.Host.csproj", "{24CB8A41-C8C2-4078-B712-08EE1E90E2DC}"
EndProject
Project("{9A19103F-16F7-4668-BE54-9A1E7A4F7556}") = "ClassicalApi.Blazor", "ClassicalApi.Blazor\ClassicalApi.Blazor\ClassicalApi.Blazor.csproj", "{AD09B86B-06AD-4EC1-8E21-80BF2B72CA90}"
EndProject
Project("{9A19103F-16F7-4668-BE54-9A1E7A4F7556}") = "ClassicalApi.Blazor.Client", "ClassicalApi.Blazor\ClassicalApi.Blazor.Client\ClassicalApi.Blazor.Client.csproj", "{5754BA4F-F682-48ED-BAA5-4DB86C853806}"
EndProject
Global
	GlobalSection(SolutionConfigurationPlatforms) = preSolution
		Debug|Any CPU = Debug|Any CPU
		Release|Any CPU = Release|Any CPU
	EndGlobalSection
	GlobalSection(ProjectConfigurationPlatforms) = postSolution
		{C8A53AF7-D0D4-4D50-8A7A-58F8EF93EB08}.Debug|Any CPU.ActiveCfg = Debug|Any CPU
		{C8A53AF7-D0D4-4D50-8A7A-58F8EF93EB08}.Debug|Any CPU.Build.0 = Debug|Any CPU
		{C8A53AF7-D0D4-4D50-8A7A-58F8EF93EB08}.Release|Any CPU.ActiveCfg = Release|Any CPU
		{C8A53AF7-D0D4-4D50-8A7A-58F8EF93EB08}.Release|Any CPU.Build.0 = Release|Any CPU
		{24CB8A41-C8C2-4078-B712-08EE1E90E2DC}.Debug|Any CPU.ActiveCfg = Debug|Any CPU
		{24CB8A41-C8C2-4078-B712-08EE1E90E2DC}.Debug|Any CPU.Build.0 = Debug|Any CPU
		{24CB8A41-C8C2-4078-B712-08EE1E90E2DC}.Release|Any CPU.ActiveCfg = Release|Any CPU
		{24CB8A41-C8C2-4078-B712-08EE1E90E2DC}.Release|Any CPU.Build.0 = Release|Any CPU
		{AD09B86B-06AD-4EC1-8E21-80BF2B72CA90}.Debug|Any CPU.ActiveCfg = Debug|Any CPU
		{AD09B86B-06AD-4EC1-8E21-80BF2B72CA90}.Debug|Any CPU.Build.0 = Debug|Any CPU
		{AD09B86B-06AD-4EC1-8E21-80BF2B72CA90}.Release|Any CPU.ActiveCfg = Release|Any CPU
		{AD09B86B-06AD-4EC1-8E21-80BF2B72CA90}.Release|Any CPU.Build.0 = Release|Any CPU
		{5754BA4F-F682-48ED-BAA5-4DB86C853806}.Debug|Any CPU.ActiveCfg = Debug|Any CPU
		{5754BA4F-F682-48ED-BAA5-4DB86C853806}.Debug|Any CPU.Build.0 = Debug|Any CPU
		{5754BA4F-F682-48ED-BAA5-4DB86C853806}.Release|Any CPU.ActiveCfg = Release|Any CPU
		{5754BA4F-F682-48ED-BAA5-4DB86C853806}.Release|Any CPU.Build.0 = Release|Any CPU
	EndGlobalSection
	GlobalSection(SolutionProperties) = preSolution
		HideSolutionNode = FALSE
	EndGlobalSection
	GlobalSection(ExtensibilityGlobals) = postSolution
		SolutionGuid = {F0B89300-1963-479E-AE20-25C93117F71C}
	EndGlobalSection
EndGlobal
